{
  "name": "govuk_frontend_assets",
  "lockfileVersion": 1,
  "dependencies": {
    "govuk-frontend": {
      "version": "2.12.0",
      "resolved": "https://registry.npmjs.org/govuk-frontend/-/govuk-frontend-2.12.0.tgz",
      "integrity": "sha512-RiEKwbM24xCK/Be/NcWQUUkGXlqxk6r15aRIMCzSttDLcZcXgs9As0qfXUCEfIei5X/GuL23lpBGGYmoVNwuJw=="
    }
  }
}
